{
  "version": 4,
  "terraform_version": "1.11.4",
  "serial": 34,
  "lineage": "057c37a7-4725-9249-289e-ca5a87dc531b",
  "outputs": {},
  "resources": [
    {
      "module": "module.fabric[\"item1\"]",
      "mode": "managed",
      "type": "fabric_eventstream",
      "name": "eventstream_for_waste",
      "provider": "module.fabric.provider[\"registry.terraform.io/microsoft/fabric\"]",
      "instances": [
        {
          "index_key": 0,
          "schema_version": 0,
          "attributes": {
            "definition": {
              "eventstream.json": {
                "source": "C:/Users/yvaubour/Downloads/eventstream.json",
                "source_content_sha256": "addf141ea255caeb1d4102c03c146f1f1db5f679180e13261e508a7ea9efa8f4",
                "tokens": null
              }
            },
            "definition_update_enabled": false,
            "description": "example with definition bootstrapping",
            "display_name": "RTA_ES_item1_ForWaste",
            "format": "Default",
            "id": "6b95a02d-79dc-471b-b6b0-7f64008f1b9d",
            "timeouts": null,
            "workspace_id": "6316431e-475d-42ce-af54-3a7bb3fee32c"
          },
          "sensitive_attributes": [],
          "dependencies": [
            "module.fabric.fabric_workspace.example"
          ]
        }
      ]
    },
    {
      "module": "module.fabric[\"item1\"]",
      "mode": "managed",
      "type": "fabric_workspace",
      "name": "example",
      "provider": "module.fabric.provider[\"registry.terraform.io/microsoft/fabric\"]",
      "instances": [
        {
          "schema_version": 0,
          "attributes": {
            "capacity_assignment_progress": "Completed",
            "capacity_id": "4BA7A1ED-A4CA-4AD5-8759-638B88FD4207",
            "capacity_region": "North Europe",
            "description": "",
            "display_name": "WKS_item1",
            "id": "6316431e-475d-42ce-af54-3a7bb3fee32c",
            "identity": null,
            "onelake_endpoints": {
              "blob_endpoint": "https://northeurope-onelake.blob.fabric.microsoft.com",
              "dfs_endpoint": "https://northeurope-onelake.dfs.fabric.microsoft.com"
            },
            "timeouts": null,
            "type": "Workspace"
          },
          "sensitive_attributes": []
        }
      ]
    },
    {
      "module": "module.fabric[\"item1\"]",
      "mode": "managed",
      "type": "fabric_workspace_role_assignment",
      "name": "example",
      "provider": "module.fabric.provider[\"registry.terraform.io/microsoft/fabric\"]",
      "instances": [
        {
          "schema_version": 0,
          "attributes": {
            "id": "57b175e2-e4e8-4158-888f-fd225ae07231",
            "principal": {
              "id": "57b175e2-e4e8-4158-888f-fd225ae07231",
              "type": "User"
            },
            "role": "Member",
            "timeouts": null,
            "workspace_id": "6316431e-475d-42ce-af54-3a7bb3fee32c"
          },
          "sensitive_attributes": [],
          "dependencies": [
            "module.fabric.fabric_workspace.example"
          ]
        }
      ]
    },
    {
      "module": "module.fabric[\"item2\"]",
      "mode": "managed",
      "type": "fabric_eventstream",
      "name": "eventstream_for_waste",
      "provider": "module.fabric.provider[\"registry.terraform.io/microsoft/fabric\"]",
      "instances": []
    },
    {
      "module": "module.fabric[\"item2\"]",
      "mode": "managed",
      "type": "fabric_workspace",
      "name": "example",
      "provider": "module.fabric.provider[\"registry.terraform.io/microsoft/fabric\"]",
      "instances": [
        {
          "schema_version": 0,
          "attributes": {
            "capacity_assignment_progress": "Completed",
            "capacity_id": "4BA7A1ED-A4CA-4AD5-8759-638B88FD4207",
            "capacity_region": "North Europe",
            "description": "",
            "display_name": "WKS_item2",
            "id": "ff3d8b6f-418b-4a5c-8e1c-0e99cef9918a",
            "identity": null,
            "onelake_endpoints": {
              "blob_endpoint": "https://northeurope-onelake.blob.fabric.microsoft.com",
              "dfs_endpoint": "https://northeurope-onelake.dfs.fabric.microsoft.com"
            },
            "timeouts": null,
            "type": "Workspace"
          },
          "sensitive_attributes": []
        }
      ]
    },
    {
      "module": "module.fabric[\"item2\"]",
      "mode": "managed",
      "type": "fabric_workspace_role_assignment",
      "name": "example",
      "provider": "module.fabric.provider[\"registry.terraform.io/microsoft/fabric\"]",
      "instances": [
        {
          "schema_version": 0,
          "attributes": {
            "id": "57b175e2-e4e8-4158-888f-fd225ae07231",
            "principal": {
              "id": "57b175e2-e4e8-4158-888f-fd225ae07231",
              "type": "User"
            },
            "role": "Member",
            "timeouts": null,
            "workspace_id": "ff3d8b6f-418b-4a5c-8e1c-0e99cef9918a"
          },
          "sensitive_attributes": [],
          "dependencies": [
            "module.fabric.fabric_workspace.example"
          ]
        }
      ]
    },
    {
      "module": "module.fabric[\"item3\"]",
      "mode": "managed",
      "type": "fabric_eventstream",
      "name": "eventstream_for_waste",
      "provider": "module.fabric.provider[\"registry.terraform.io/microsoft/fabric\"]",
      "instances": []
    },
    {
      "module": "module.fabric[\"item3\"]",
      "mode": "managed",
      "type": "fabric_workspace",
      "name": "example",
      "provider": "module.fabric.provider[\"registry.terraform.io/microsoft/fabric\"]",
      "instances": [
        {
          "schema_version": 0,
          "attributes": {
            "capacity_assignment_progress": "Completed",
            "capacity_id": "4BA7A1ED-A4CA-4AD5-8759-638B88FD4207",
            "capacity_region": "North Europe",
            "description": "",
            "display_name": "WKS_item3",
            "id": "c9375c76-b150-45b0-b9bc-e198cc09b23c",
            "identity": null,
            "onelake_endpoints": {
              "blob_endpoint": "https://northeurope-onelake.blob.fabric.microsoft.com",
              "dfs_endpoint": "https://northeurope-onelake.dfs.fabric.microsoft.com"
            },
            "timeouts": null,
            "type": "Workspace"
          },
          "sensitive_attributes": []
        }
      ]
    },
    {
      "module": "module.fabric[\"item3\"]",
      "mode": "managed",
      "type": "fabric_workspace_role_assignment",
      "name": "example",
      "provider": "module.fabric.provider[\"registry.terraform.io/microsoft/fabric\"]",
      "instances": [
        {
          "schema_version": 0,
          "attributes": {
            "id": "57b175e2-e4e8-4158-888f-fd225ae07231",
            "principal": {
              "id": "57b175e2-e4e8-4158-888f-fd225ae07231",
              "type": "User"
            },
            "role": "Member",
            "timeouts": null,
            "workspace_id": "c9375c76-b150-45b0-b9bc-e198cc09b23c"
          },
          "sensitive_attributes": [],
          "dependencies": [
            "module.fabric.fabric_workspace.example"
          ]
        }
      ]
    }
  ],
  "check_results": null
}
